# THIS IS AN AUTOGENERATED FILE. DO NOT EDIT THIS FILE DIRECTLY.
# yarn lockfile v1


"@bitauth/libauth@^1.18.1":
  version "1.19.1"
  resolved "https://registry.yarnpkg.com/@bitauth/libauth/-/libauth-1.19.1.tgz#713751bbc09815b667f8fe00a1cc5b0f3bf45dd1"
  integrity sha512-R524tD5VwOt3QRHr7N518nqTVR/HKgfWL4LypekcGuNQN8R4PWScvuRcRzrY39A28kLztMv+TJdiKuMNbkU1ug==

"@cashscript/utils@^0.6.0":
  version "0.6.5"
  resolved "https://registry.yarnpkg.com/@cashscript/utils/-/utils-0.6.5.tgz#21654ab0a1b1c5336c1ddb1335a5f893a179f628"
  integrity sha512-4eCJJ7CAwA9W5UJNF7Me8Eg+gcFi6pud0sRA5a0kIzFXaZAAcvlh3CezIjff/di8HFIgcrQQnxLkB9HHTuG/dA==
  dependencies:
    "@bitauth/libauth" "^1.18.1"
    hash.js "^1.1.7"

"@cashscript/utils@^0.7.0":
  version "0.7.0"
  resolved "https://registry.yarnpkg.com/@cashscript/utils/-/utils-0.7.0.tgz#682d345ed71e5444b9384ab8571304c269a91580"
  integrity sha512-XFRlpeJ6aGcGoD3rIC8Pb04+h/AXkUljnvyJ8rF7T6mXw1doxoOxrYa+f/4xPe7F9dDGvLTSTEXW3yQGH+6ZCg==
  dependencies:
    "@bitauth/libauth" "^1.18.1"
    hash.js "^1.1.7"

antlr4ts@^0.5.0-alpha.4:
  version "0.5.0-alpha.4"
  resolved "https://registry.yarnpkg.com/antlr4ts/-/antlr4ts-0.5.0-alpha.4.tgz#71702865a87478ed0b40c0709f422cf14d51652a"
  integrity sha512-WPQDt1B74OfPv/IMS2ekXAKkTZIHl88uMetg6q3OTqgFxZ/dxDXI0EWLyZid/1Pe6hTftyg5N7gel5wNAGxXyQ==

"cashc-060@npm:cashc@0.6.0":
  version "0.6.0"
  resolved "https://registry.yarnpkg.com/cashc/-/cashc-0.6.0.tgz#79d5362f76904a528a68d5522a2549d2fe66c9df"
  integrity sha512-C5B4kBQ21g34RQj4kvZwvZY1qHHNprQ3ik+P2Hesq+ZJncqylorJSw3C5/hGD5C573xGGICv9Ta/cgWJvl/tCA==
  dependencies:
    "@bitauth/libauth" "^1.18.1"
    "@cashscript/utils" "^0.6.0"
    antlr4ts "^0.5.0-alpha.4"
    commander "^7.1.0"
    semver "^7.3.4"

"cashc-070@npm:cashc@0.7.0":
  version "0.7.0"
  resolved "https://registry.yarnpkg.com/cashc/-/cashc-0.7.0.tgz#ad279a72c985b48d13877b03ecabfe9d7df8a34f"
  integrity sha512-WtK9yh/c648pzXE74CpSYR8+m2C5q01OT4B09IMTb5aInpkK1hI4jfKxXYSgXg6Wb3THebMckNJg/3eJrfK1LQ==
  dependencies:
    "@bitauth/libauth" "^1.18.1"
    "@cashscript/utils" "^0.7.0"
    antlr4ts "^0.5.0-alpha.4"
    commander "^7.1.0"
    semver "^7.3.4"

commander@^7.1.0:
  version "7.2.0"
  resolved "https://registry.yarnpkg.com/commander/-/commander-7.2.0.tgz#a36cb57d0b501ce108e4d20559a150a391d97ab7"
  integrity sha512-QrWXB+ZQSVPmIWIhtEO9H+gwHaMGYiF5ChvoJ+K9ZGHG/sVsa6yiesAD1GC/x46sET00Xlwo1u49RVVVzvcSkw==

hash.js@^1.1.7:
  version "1.1.7"
  resolved "https://registry.yarnpkg.com/hash.js/-/hash.js-1.1.7.tgz#0babca538e8d4ee4a0f8988d68866537a003cf42"
  integrity sha512-taOaskGt4z4SOANNseOviYDvjEJinIkRgmp7LbKP2YTTmVxWBl87s/uzK9r+44BclBSp2X7K1hqeNfz9JbBeXA==
  dependencies:
    inherits "^2.0.3"
    minimalistic-assert "^1.0.1"

inherits@^2.0.3:
  version "2.0.4"
  resolved "https://registry.yarnpkg.com/inherits/-/inherits-2.0.4.tgz#0fa2c64f932917c3433a0ded55363aae37416b7c"
  integrity sha512-k/vGaX4/Yla3WzyMCvTQOXYeIHvqOKtnqBduzTHpzpQZzAskKMhZ2K+EnBiSM9zGSoIFeMpXKxa4dYeZIQqewQ==

lru-cache@^6.0.0:
  version "6.0.0"
  resolved "https://registry.yarnpkg.com/lru-cache/-/lru-cache-6.0.0.tgz#6d6fe6570ebd96aaf90fcad1dafa3b2566db3a94"
  integrity sha512-Jo6dJ04CmSjuznwJSS3pUeWmd/H0ffTlkXXgwZi+eq1UCmqQwCh+eLsYOYCwY991i2Fah4h1BEMCx4qThGbsiA==
  dependencies:
    yallist "^4.0.0"

minimalistic-assert@^1.0.1:
  version "1.0.1"
  resolved "https://registry.yarnpkg.com/minimalistic-assert/-/minimalistic-assert-1.0.1.tgz#2e194de044626d4a10e7f7fbc00ce73e83e4d5c7"
  integrity sha512-UtJcAD4yEaGtjPezWuO9wC4nwUnVH/8/Im3yEHQP4b67cXlD/Qr9hdITCU1xDbSEXg2XKNaP8jsReV7vQd00/A==

semver@^7.3.4:
  version "7.3.7"
  resolved "https://registry.yarnpkg.com/semver/-/semver-7.3.7.tgz#12c5b649afdbf9049707796e22a4028814ce523f"
  integrity sha512-QlYTucUYOews+WeEujDoEGziz4K6c47V/Bd+LjSSYcA94p+DmINdf7ncaUinThfvZyu13lN9OY1XDxt8C0Tw0g==
  dependencies:
    lru-cache "^6.0.0"

yallist@^4.0.0:
  version "4.0.0"
  resolved "https://registry.yarnpkg.com/yallist/-/yallist-4.0.0.tgz#9bb92790d9c0effec63be73519e11a35019a3a72"
  integrity sha512-3wdGidZyq5PB084XLES5TpOSRA3wjXAlIWMhum2kRcv/41Sn2emQ0dycQW4uZXLejwKvg6EsvbdlVL+FYEct7A==
